
Microsoft Visual Studio Solution File, Format Version 12.00
# Visual Studio Version 17
VisualStudioVersion = 17.4.33103.184
MinimumVisualStudioVersion = 10.0.40219.1
Project("{FAE04EC0-301F-11D3-BF4B-00C04F79EFBC}") = "Tour025", "Tour025\Tour025.csproj", "{B2A2E53C-6A3A-402C-B48E-F706EF64259A}"
EndProject
Global
	GlobalSection(SolutionConfigurationPlatforms) = preSolution
		Debug|Any CPU = Debug|Any CPU
		Release|Any CPU = Release|Any CPU
	EndGlobalSection
	GlobalSection(ProjectConfigurationPlatforms) = postSolution
		{B2A2E53C-6A3A-402C-B48E-F706EF64259A}.Debug|Any CPU.ActiveCfg = Debug|Any CPU
		{B2A2E53C-6A3A-402C-B48E-F706EF64259A}.Debug|Any CPU.Build.0 = Debug|Any CPU
		{B2A2E53C-6A3A-402C-B48E-F706EF64259A}.Release|Any CPU.ActiveCfg = Release|Any CPU
		{B2A2E53C-6A3A-402C-B48E-F706EF64259A}.Release|Any CPU.Build.0 = Release|Any CPU
	EndGlobalSection
	GlobalSection(SolutionProperties) = preSolution
		HideSolutionNode = FALSE
	EndGlobalSection
	GlobalSection(ExtensibilityGlobals) = postSolution
		SolutionGuid = {6B249563-FE16-4DE8-8F56-68BDE3C67C79}
	EndGlobalSection
EndGlobal
